{
	"name": "toolone",
	"version": "0.3.0",
	"lockfileVersion": 1,
	"requires": true,
	"dependencies": {
		"bbtwo": {
			"version": "0.1.1-alpha.0",
			"resolved": "https://registry.npmjs.org/bbtwo/-/bbtwo-0.1.1-alpha.0.tgz",
			"integrity": "sha512-qiIxFunFudN6NvHVh2vUYCLmNhsfqsOR5+q1a0ymXYSzNMsl5SumCSw904pFDPovu3o3Q+puUxY1iU8pvdojBw==",
			"dev": true
		}
	}
}
